
Microsoft Visual Studio Solution File, Format Version 12.00
# Visual Studio 14
VisualStudioVersion = 14.0.24720.0
MinimumVisualStudioVersion = 10.0.40219.1
Project("{FAE04EC0-301F-11D3-BF4B-00C04F79EFBC}") = "StudyAid", "StudyAid\StudyAid.csproj", "{C4129A76-4614-4C96-83D7-9BF39CB5C8D4}"
EndProject
Project("{54435603-DBB4-11D2-8724-00A0C9A8B90C}") = "Setup", "Setup\Setup.vdproj", "{DAB80F2C-B7C6-4F17-A303-B63E67C4344D}"
EndProject
Global
	GlobalSection(SolutionConfigurationPlatforms) = preSolution
		Debug|Any CPU = Debug|Any CPU
		Release|Any CPU = Release|Any CPU
	EndGlobalSection
	GlobalSection(ProjectConfigurationPlatforms) = postSolution
		{C4129A76-4614-4C96-83D7-9BF39CB5C8D4}.Debug|Any CPU.ActiveCfg = Debug|Any CPU
		{C4129A76-4614-4C96-83D7-9BF39CB5C8D4}.Debug|Any CPU.Build.0 = Debug|Any CPU
		{C4129A76-4614-4C96-83D7-9BF39CB5C8D4}.Release|Any CPU.ActiveCfg = Release|Any CPU
		{C4129A76-4614-4C96-83D7-9BF39CB5C8D4}.Release|Any CPU.Build.0 = Release|Any CPU
		{DAB80F2C-B7C6-4F17-A303-B63E67C4344D}.Debug|Any CPU.ActiveCfg = Debug
		{DAB80F2C-B7C6-4F17-A303-B63E67C4344D}.Release|Any CPU.ActiveCfg = Release
	EndGlobalSection
	GlobalSection(SolutionProperties) = preSolution
		HideSolutionNode = FALSE
	EndGlobalSection
EndGlobal
